
Microsoft Visual Studio Solution File, Format Version 12.00
# Visual Studio Version 16
VisualStudioVersion = 16.0.31729.503
MinimumVisualStudioVersion = 10.0.40219.1
Project("{FAE04EC0-301F-11D3-BF4B-00C04F79EFBC}") = "OHDemo3app", "OHDemo3app.csproj", "{99943644-0515-497D-B82C-8C48D30AE90C}"
EndProject
Global
	GlobalSection(SolutionConfigurationPlatforms) = preSolution
		Debug|Any CPU = Debug|Any CPU
		Release|Any CPU = Release|Any CPU
	EndGlobalSection
	GlobalSection(ProjectConfigurationPlatforms) = postSolution
		{99943644-0515-497D-B82C-8C48D30AE90C}.Debug|Any CPU.ActiveCfg = Debug|Any CPU
		{99943644-0515-497D-B82C-8C48D30AE90C}.Debug|Any CPU.Build.0 = Debug|Any CPU
		{99943644-0515-497D-B82C-8C48D30AE90C}.Release|Any CPU.ActiveCfg = Release|Any CPU
		{99943644-0515-497D-B82C-8C48D30AE90C}.Release|Any CPU.Build.0 = Release|Any CPU
	EndGlobalSection
	GlobalSection(SolutionProperties) = preSolution
		HideSolutionNode = FALSE
	EndGlobalSection
	GlobalSection(ExtensibilityGlobals) = postSolution
		SolutionGuid = {AEB9532A-61CE-46CA-98CE-73B25134E07C}
	EndGlobalSection
EndGlobal
